
Microsoft Visual Studio Solution File, Format Version 12.00
# Visual Studio Version 17
VisualStudioVersion = 17.12.35506.116 d17.12
MinimumVisualStudioVersion = 10.0.40219.1
Project("{FAE04EC0-301F-11D3-BF4B-00C04F79EFBC}") = "CarRentalManagement_PE05", "CarRentalManagement_PE05\CarRentalManagement_PE05.csproj", "{EBF851D1-FEAF-44B4-B7ED-5CBE02C53E6C}"
EndProject
Global
	GlobalSection(SolutionConfigurationPlatforms) = preSolution
		Debug|Any CPU = Debug|Any CPU
		Release|Any CPU = Release|Any CPU
	EndGlobalSection
	GlobalSection(ProjectConfigurationPlatforms) = postSolution
		{EBF851D1-FEAF-44B4-B7ED-5CBE02C53E6C}.Debug|Any CPU.ActiveCfg = Debug|Any CPU
		{EBF851D1-FEAF-44B4-B7ED-5CBE02C53E6C}.Debug|Any CPU.Build.0 = Debug|Any CPU
		{EBF851D1-FEAF-44B4-B7ED-5CBE02C53E6C}.Release|Any CPU.ActiveCfg = Release|Any CPU
		{EBF851D1-FEAF-44B4-B7ED-5CBE02C53E6C}.Release|Any CPU.Build.0 = Release|Any CPU
	EndGlobalSection
	GlobalSection(SolutionProperties) = preSolution
		HideSolutionNode = FALSE
	EndGlobalSection
EndGlobal
